
Microsoft Visual Studio Solution File, Format Version 12.00
# Visual Studio Version 17
VisualStudioVersion = 17.11.35327.3
MinimumVisualStudioVersion = 10.0.40219.1
Project("{FAE04EC0-301F-11D3-BF4B-00C04F79EFBC}") = "ToDoApp", "ToDoApp\ToDoApp.csproj", "{7DC9944E-8DB6-4AC8-AC75-3D4FA1486FB4}"
EndProject
Global
	GlobalSection(SolutionConfigurationPlatforms) = preSolution
		Debug|Any CPU = Debug|Any CPU
		Release|Any CPU = Release|Any CPU
	EndGlobalSection
	GlobalSection(ProjectConfigurationPlatforms) = postSolution
		{7DC9944E-8DB6-4AC8-AC75-3D4FA1486FB4}.Debug|Any CPU.ActiveCfg = Debug|Any CPU
		{7DC9944E-8DB6-4AC8-AC75-3D4FA1486FB4}.Debug|Any CPU.Build.0 = Debug|Any CPU
		{7DC9944E-8DB6-4AC8-AC75-3D4FA1486FB4}.Debug|Any CPU.Deploy.0 = Debug|Any CPU
		{7DC9944E-8DB6-4AC8-AC75-3D4FA1486FB4}.Release|Any CPU.ActiveCfg = Release|Any CPU
		{7DC9944E-8DB6-4AC8-AC75-3D4FA1486FB4}.Release|Any CPU.Build.0 = Release|Any CPU
		{7DC9944E-8DB6-4AC8-AC75-3D4FA1486FB4}.Release|Any CPU.Deploy.0 = Release|Any CPU
	EndGlobalSection
	GlobalSection(SolutionProperties) = preSolution
		HideSolutionNode = FALSE
	EndGlobalSection
	GlobalSection(ExtensibilityGlobals) = postSolution
		SolutionGuid = {E2358807-979D-4945-887C-A317B7FAE773}
	EndGlobalSection
EndGlobal
